Microsoft Visual Studio Solution File, Format Version 10.00
# Visual C++ Express 2008
Project("{8BC9CEB8-8B4A-11D0-8D11-00A0C91BC942}") = "logmod", "logmod.vcproj", "{A41288C6-407F-48B9-8AB7-75C7589B5990}"
EndProject
Project("{8BC9CEB8-8B4A-11D0-8D11-00A0C91BC942}") = "dbg_log", "dbg_log.vcproj", "{57C60541-696D-4977-8B0D-6129BB6612DC}"
	ProjectSection(ProjectDependencies) = postProject
		{A41288C6-407F-48B9-8AB7-75C7589B5990} = {A41288C6-407F-48B9-8AB7-75C7589B5990}
	EndProjectSection
EndProject
Project("{8BC9CEB8-8B4A-11D0-8D11-00A0C91BC942}") = "test01", "..\..\samples\test01\project\msvc9\test01.vcproj", "{CB960701-D8FA-438D-B78C-7C5CE687CCFC}"
	ProjectSection(ProjectDependencies) = postProject
		{57C60541-696D-4977-8B0D-6129BB6612DC} = {57C60541-696D-4977-8B0D-6129BB6612DC}
		{0D3CD9B6-036F-4A5C-86FF-26E5B368F4C7} = {0D3CD9B6-036F-4A5C-86FF-26E5B368F4C7}
		{A41288C6-407F-48B9-8AB7-75C7589B5990} = {A41288C6-407F-48B9-8AB7-75C7589B5990}
	EndProjectSection
EndProject
Project("{8BC9CEB8-8B4A-11D0-8D11-00A0C91BC942}") = "log_ice", "log_ice.vcproj", "{0D3CD9B6-036F-4A5C-86FF-26E5B368F4C7}"
	ProjectSection(ProjectDependencies) = postProject
		{57C60541-696D-4977-8B0D-6129BB6612DC} = {57C60541-696D-4977-8B0D-6129BB6612DC}
		{A41288C6-407F-48B9-8AB7-75C7589B5990} = {A41288C6-407F-48B9-8AB7-75C7589B5990}
	EndProjectSection
EndProject
Project("{8BC9CEB8-8B4A-11D0-8D11-00A0C91BC942}") = "log_sqlite", "log_sqlite.vcproj", "{1361C955-A9D9-472B-92BC-5F2149AB7C64}"
	ProjectSection(ProjectDependencies) = postProject
		{57C60541-696D-4977-8B0D-6129BB6612DC} = {57C60541-696D-4977-8B0D-6129BB6612DC}
		{A41288C6-407F-48B9-8AB7-75C7589B5990} = {A41288C6-407F-48B9-8AB7-75C7589B5990}
	EndProjectSection
EndProject
Project("{8BC9CEB8-8B4A-11D0-8D11-00A0C91BC942}") = "log_ice_dbg", "..\..\samples\log_ice_dbg\project\msvc9\log_ice_dbg.vcproj", "{2F3EE911-71EF-4F44-9331-063E1544E86D}"
	ProjectSection(ProjectDependencies) = postProject
		{57C60541-696D-4977-8B0D-6129BB6612DC} = {57C60541-696D-4977-8B0D-6129BB6612DC}
		{1361C955-A9D9-472B-92BC-5F2149AB7C64} = {1361C955-A9D9-472B-92BC-5F2149AB7C64}
		{0D3CD9B6-036F-4A5C-86FF-26E5B368F4C7} = {0D3CD9B6-036F-4A5C-86FF-26E5B368F4C7}
		{A41288C6-407F-48B9-8AB7-75C7589B5990} = {A41288C6-407F-48B9-8AB7-75C7589B5990}
	EndProjectSection
EndProject
Global
	GlobalSection(SolutionConfigurationPlatforms) = preSolution
		Debug|Win32 = Debug|Win32
		Release|Win32 = Release|Win32
	EndGlobalSection
	GlobalSection(ProjectConfigurationPlatforms) = postSolution
		{A41288C6-407F-48B9-8AB7-75C7589B5990}.Debug|Win32.ActiveCfg = Debug|Win32
		{A41288C6-407F-48B9-8AB7-75C7589B5990}.Debug|Win32.Build.0 = Debug|Win32
		{A41288C6-407F-48B9-8AB7-75C7589B5990}.Release|Win32.ActiveCfg = Release|Win32
		{A41288C6-407F-48B9-8AB7-75C7589B5990}.Release|Win32.Build.0 = Release|Win32
		{57C60541-696D-4977-8B0D-6129BB6612DC}.Debug|Win32.ActiveCfg = Debug|Win32
		{57C60541-696D-4977-8B0D-6129BB6612DC}.Debug|Win32.Build.0 = Debug|Win32
		{57C60541-696D-4977-8B0D-6129BB6612DC}.Release|Win32.ActiveCfg = Release|Win32
		{57C60541-696D-4977-8B0D-6129BB6612DC}.Release|Win32.Build.0 = Release|Win32
		{CB960701-D8FA-438D-B78C-7C5CE687CCFC}.Debug|Win32.ActiveCfg = Debug|Win32
		{CB960701-D8FA-438D-B78C-7C5CE687CCFC}.Debug|Win32.Build.0 = Debug|Win32
		{CB960701-D8FA-438D-B78C-7C5CE687CCFC}.Release|Win32.ActiveCfg = Release|Win32
		{CB960701-D8FA-438D-B78C-7C5CE687CCFC}.Release|Win32.Build.0 = Release|Win32
		{0D3CD9B6-036F-4A5C-86FF-26E5B368F4C7}.Debug|Win32.ActiveCfg = Debug|Win32
		{0D3CD9B6-036F-4A5C-86FF-26E5B368F4C7}.Debug|Win32.Build.0 = Debug|Win32
		{0D3CD9B6-036F-4A5C-86FF-26E5B368F4C7}.Release|Win32.ActiveCfg = Release|Win32
		{0D3CD9B6-036F-4A5C-86FF-26E5B368F4C7}.Release|Win32.Build.0 = Release|Win32
		{1361C955-A9D9-472B-92BC-5F2149AB7C64}.Debug|Win32.ActiveCfg = Debug|Win32
		{1361C955-A9D9-472B-92BC-5F2149AB7C64}.Debug|Win32.Build.0 = Debug|Win32
		{1361C955-A9D9-472B-92BC-5F2149AB7C64}.Release|Win32.ActiveCfg = Release|Win32
		{1361C955-A9D9-472B-92BC-5F2149AB7C64}.Release|Win32.Build.0 = Release|Win32
		{2F3EE911-71EF-4F44-9331-063E1544E86D}.Debug|Win32.ActiveCfg = Debug|Win32
		{2F3EE911-71EF-4F44-9331-063E1544E86D}.Debug|Win32.Build.0 = Debug|Win32
		{2F3EE911-71EF-4F44-9331-063E1544E86D}.Release|Win32.ActiveCfg = Release|Win32
		{2F3EE911-71EF-4F44-9331-063E1544E86D}.Release|Win32.Build.0 = Release|Win32
	EndGlobalSection
	GlobalSection(SolutionProperties) = preSolution
		HideSolutionNode = FALSE
	EndGlobalSection
EndGlobal
