Microsoft Visual Studio Solution File, Format Version 10.00
# Visual C++ Express 2008
Project("{8BC9CEB8-8B4A-11D0-8D11-00A0C91BC942}") = "logmod", "logmod.vcproj", "{A41288C6-407F-48B9-8AB7-75C7589B5990}"
EndProject
Global
	GlobalSection(SolutionConfigurationPlatforms) = preSolution
		Debug|Win32 = Debug|Win32
		Release|Win32 = Release|Win32
	EndGlobalSection
	GlobalSection(ProjectConfigurationPlatforms) = postSolution
		{A41288C6-407F-48B9-8AB7-75C7589B5990}.Debug|Win32.ActiveCfg = Debug|Win32
		{A41288C6-407F-48B9-8AB7-75C7589B5990}.Debug|Win32.Build.0 = Debug|Win32
		{A41288C6-407F-48B9-8AB7-75C7589B5990}.Release|Win32.ActiveCfg = Release|Win32
		{A41288C6-407F-48B9-8AB7-75C7589B5990}.Release|Win32.Build.0 = Release|Win32
	EndGlobalSection
	GlobalSection(SolutionProperties) = preSolution
		HideSolutionNode = FALSE
	EndGlobalSection
EndGlobal
